
Microsoft Visual Studio Solution File, Format Version 12.00
# Visual Studio Version 16
VisualStudioVersion = 16.0.30804.86
MinimumVisualStudioVersion = 10.0.40219.1
Project("{9A19103F-16F7-4668-BE54-9A1E7A4F7556}") = "FYPPlatform.Web", "FYPPlatform\FYPPlatform.Web.csproj", "{67B00868-FB12-4DE4-BB7E-74025F40AC9B}"
EndProject
Project("{9A19103F-16F7-4668-BE54-9A1E7A4F7556}") = "FYPPlatform.DataContracts", "DataContracts\FYPPlatform.DataContracts.csproj", "{E7FA633F-09A3-4352-BC18-4474FA4C6E50}"
EndProject
Project("{FAE04EC0-301F-11D3-BF4B-00C04F79EFBC}") = "FYPPlatform.Client", "FYPPlatform.Client\FYPPlatform.Client.csproj", "{6DF5CB7D-FFC1-45CD-8045-59C2ED3E3E7E}"
EndProject
Project("{FAE04EC0-301F-11D3-BF4B-00C04F79EFBC}") = "FYPPlatform.Web.Tests", "FYPPlatform.Web.Tests\FYPPlatform.Web.Tests.csproj", "{FF488189-832D-4F0D-A3AB-84C6738F47D8}"
EndProject
Project("{FAE04EC0-301F-11D3-BF4B-00C04F79EFBC}") = "FYPPlatform.Web.IntegrationTests", "FYPPlatform.Web.IntegrationTests\FYPPlatform.Web.IntegrationTests.csproj", "{54A7D831-E244-4F55-8F6E-1C8842917461}"
EndProject
Project("{FAE04EC0-301F-11D3-BF4B-00C04F79EFBC}") = "FYPPlatform.Web.DeploymentTests", "FYPPlatform.Web.DeploymentTests\FYPPlatform.Web.DeploymentTests.csproj", "{EC983AEE-6085-4BBD-A4E4-556602EF032C}"
EndProject
Global
	GlobalSection(SolutionConfigurationPlatforms) = preSolution
		Debug|Any CPU = Debug|Any CPU
		Release|Any CPU = Release|Any CPU
	EndGlobalSection
	GlobalSection(ProjectConfigurationPlatforms) = postSolution
		{67B00868-FB12-4DE4-BB7E-74025F40AC9B}.Debug|Any CPU.ActiveCfg = Debug|Any CPU
		{67B00868-FB12-4DE4-BB7E-74025F40AC9B}.Debug|Any CPU.Build.0 = Debug|Any CPU
		{67B00868-FB12-4DE4-BB7E-74025F40AC9B}.Release|Any CPU.ActiveCfg = Release|Any CPU
		{67B00868-FB12-4DE4-BB7E-74025F40AC9B}.Release|Any CPU.Build.0 = Release|Any CPU
		{E7FA633F-09A3-4352-BC18-4474FA4C6E50}.Debug|Any CPU.ActiveCfg = Debug|Any CPU
		{E7FA633F-09A3-4352-BC18-4474FA4C6E50}.Debug|Any CPU.Build.0 = Debug|Any CPU
		{E7FA633F-09A3-4352-BC18-4474FA4C6E50}.Release|Any CPU.ActiveCfg = Release|Any CPU
		{E7FA633F-09A3-4352-BC18-4474FA4C6E50}.Release|Any CPU.Build.0 = Release|Any CPU
		{6DF5CB7D-FFC1-45CD-8045-59C2ED3E3E7E}.Debug|Any CPU.ActiveCfg = Debug|Any CPU
		{6DF5CB7D-FFC1-45CD-8045-59C2ED3E3E7E}.Debug|Any CPU.Build.0 = Debug|Any CPU
		{6DF5CB7D-FFC1-45CD-8045-59C2ED3E3E7E}.Release|Any CPU.ActiveCfg = Release|Any CPU
		{6DF5CB7D-FFC1-45CD-8045-59C2ED3E3E7E}.Release|Any CPU.Build.0 = Release|Any CPU
		{FF488189-832D-4F0D-A3AB-84C6738F47D8}.Debug|Any CPU.ActiveCfg = Debug|Any CPU
		{FF488189-832D-4F0D-A3AB-84C6738F47D8}.Debug|Any CPU.Build.0 = Debug|Any CPU
		{FF488189-832D-4F0D-A3AB-84C6738F47D8}.Release|Any CPU.ActiveCfg = Release|Any CPU
		{FF488189-832D-4F0D-A3AB-84C6738F47D8}.Release|Any CPU.Build.0 = Release|Any CPU
		{54A7D831-E244-4F55-8F6E-1C8842917461}.Debug|Any CPU.ActiveCfg = Debug|Any CPU
		{54A7D831-E244-4F55-8F6E-1C8842917461}.Debug|Any CPU.Build.0 = Debug|Any CPU
		{54A7D831-E244-4F55-8F6E-1C8842917461}.Release|Any CPU.ActiveCfg = Release|Any CPU
		{54A7D831-E244-4F55-8F6E-1C8842917461}.Release|Any CPU.Build.0 = Release|Any CPU
		{EC983AEE-6085-4BBD-A4E4-556602EF032C}.Debug|Any CPU.ActiveCfg = Debug|Any CPU
		{EC983AEE-6085-4BBD-A4E4-556602EF032C}.Debug|Any CPU.Build.0 = Debug|Any CPU
		{EC983AEE-6085-4BBD-A4E4-556602EF032C}.Release|Any CPU.ActiveCfg = Release|Any CPU
		{EC983AEE-6085-4BBD-A4E4-556602EF032C}.Release|Any CPU.Build.0 = Release|Any CPU
	EndGlobalSection
	GlobalSection(SolutionProperties) = preSolution
		HideSolutionNode = FALSE
	EndGlobalSection
	GlobalSection(ExtensibilityGlobals) = postSolution
		SolutionGuid = {347B6241-C9A5-4BFD-8258-18A26457759A}
	EndGlobalSection
EndGlobal
